
Microsoft Visual Studio Solution File, Format Version 12.00
# Visual Studio Version 16
VisualStudioVersion = 16.0.31613.86
MinimumVisualStudioVersion = 10.0.40219.1
Project("{FAE04EC0-301F-11D3-BF4B-00C04F79EFBC}") = "QuercuBackend", "QuercuBackend\QuercuBackend.csproj", "{68FB456F-6E47-4491-8DF9-143AB52E1712}"
EndProject
Global
	GlobalSection(SolutionConfigurationPlatforms) = preSolution
		Debug|Any CPU = Debug|Any CPU
		Release|Any CPU = Release|Any CPU
	EndGlobalSection
	GlobalSection(ProjectConfigurationPlatforms) = postSolution
		{68FB456F-6E47-4491-8DF9-143AB52E1712}.Debug|Any CPU.ActiveCfg = Debug|Any CPU
		{68FB456F-6E47-4491-8DF9-143AB52E1712}.Debug|Any CPU.Build.0 = Debug|Any CPU
		{68FB456F-6E47-4491-8DF9-143AB52E1712}.Release|Any CPU.ActiveCfg = Release|Any CPU
		{68FB456F-6E47-4491-8DF9-143AB52E1712}.Release|Any CPU.Build.0 = Release|Any CPU
	EndGlobalSection
	GlobalSection(SolutionProperties) = preSolution
		HideSolutionNode = FALSE
	EndGlobalSection
	GlobalSection(ExtensibilityGlobals) = postSolution
		SolutionGuid = {1F110C2B-1A4B-4AA2-A498-873B90AF9E57}
	EndGlobalSection
EndGlobal
